// !$*UTF8*$!
{
	archiveVersion = 1;
	classes = {
	};
	objectVersion = 50;
	objects = {

/* Begin PBXBuildFile section */
		B725020D241C9B18006D7316 /* Assets.xcassets in Resources */ = {isa = PBXBuildFile; fileRef = B725020C241C9B18006D7316 /* Assets.xcassets */; };
		B7250210241C9B18006D7316 /* LaunchScreen.storyboard in Resources */ = {isa = PBXBuildFile; fileRef = B725020E241C9B18006D7316 /* LaunchScreen.storyboard */; };
		B7250213241C9B18006D7316 /* main.m in Sources */ = {isa = PBXBuildFile; fileRef = B7250212241C9B18006D7316 /* main.m */; };
		B725021D241C9B18006D7316 /* project_betTests.m in Sources */ = {isa = PBXBuildFile; fileRef = B725021C241C9B18006D7316 /* project_betTests.m */; };
		B7250228241C9B18006D7316 /* project_betUITests.m in Sources */ = {isa = PBXBuildFile; fileRef = B7250227241C9B18006D7316 /* project_betUITests.m */; };
		B742E6B92421E8F400AD092F /* help.json in Resources */ = {isa = PBXBuildFile; fileRef = B742E6B82421E8F400AD092F /* help.json */; };
		B742E6D82421F0A000AD092F /* bjdc_howto.html in Resources */ = {isa = PBXBuildFile; fileRef = B742E6BB2421F0A000AD092F /* bjdc_howto.html */; };
		B742E6D92421F0A000AD092F /* coupon_help.html in Resources */ = {isa = PBXBuildFile; fileRef = B742E6BC2421F0A000AD092F /* coupon_help.html */; };
		B742E6DA2421F0A000AD092F /* credit_help.html in Resources */ = {isa = PBXBuildFile; fileRef = B742E6BD2421F0A000AD092F /* credit_help.html */; };
		B742E6DB2421F0A000AD092F /* dlt_howto.html in Resources */ = {isa = PBXBuildFile; fileRef = B742E6BE2421F0A000AD092F /* dlt_howto.html */; };
		B742E6DC2421F0A000AD092F /* f9_howto.html in Resources */ = {isa = PBXBuildFile; fileRef = B742E6BF2421F0A000AD092F /* f9_howto.html */; };
		B742E6DD2421F0A000AD092F /* gdy11_howto.html in Resources */ = {isa = PBXBuildFile; fileRef = B742E6C02421F0A000AD092F /* gdy11_howto.html */; };
		B742E6DE2421F0A000AD092F /* group_record.html in Resources */ = {isa = PBXBuildFile; fileRef = B742E6C12421F0A000AD092F /* group_record.html */; };
		B742E6DF2421F0A000AD092F /* help.html in Resources */ = {isa = PBXBuildFile; fileRef = B742E6C22421F0A000AD092F /* help.html */; };
		B742E6E02421F0A000AD092F /* helpGroupBuy.html in Resources */ = {isa = PBXBuildFile; fileRef = B742E6C32421F0A000AD092F /* helpGroupBuy.html */; };
		B742E6E12421F0A000AD092F /* jclq_howto.html in Resources */ = {isa = PBXBuildFile; fileRef = B742E6C42421F0A000AD092F /* jclq_howto.html */; };
		B742E6E22421F0A000AD092F /* jczq_howto.html in Resources */ = {isa = PBXBuildFile; fileRef = B742E6C52421F0A000AD092F /* jczq_howto.html */; };
		B742E6E32421F0A000AD092F /* jxssc_howto.html in Resources */ = {isa = PBXBuildFile; fileRef = B742E6C62421F0A000AD092F /* jxssc_howto.html */; };
		B742E6E42421F0A000AD092F /* jxy11_howto.html in Resources */ = {isa = PBXBuildFile; fileRef = B742E6C72421F0A000AD092F /* jxy11_howto.html */; };
		B742E6E52421F0A000AD092F /* k2_howto.html in Resources */ = {isa = PBXBuildFile; fileRef = B742E6C82421F0A000AD092F /* k2_howto.html */; };
		B742E6E62421F0A000AD092F /* k3_howto.html in Resources */ = {isa = PBXBuildFile; fileRef = B742E6C92421F0A000AD092F /* k3_howto.html */; };
		B742E6E72421F0A000AD092F /* kl8_howto.html in Resources */ = {isa = PBXBuildFile; fileRef = B742E6CA2421F0A000AD092F /* kl8_howto.html */; };
		B742E6E82421F0A000AD092F /* lk11_howto.html in Resources */ = {isa = PBXBuildFile; fileRef = B742E6CB2421F0A000AD092F /* lk11_howto.html */; };
		B742E6E92421F0A000AD092F /* networkconnectedfailed.html in Resources */ = {isa = PBXBuildFile; fileRef = B742E6CC2421F0A000AD092F /* networkconnectedfailed.html */; };
		B742E6EA2421F0A000AD092F /* pl3_howto.html in Resources */ = {isa = PBXBuildFile; fileRef = B742E6CD2421F0A000AD092F /* pl3_howto.html */; };
		B742E6EB2421F0A000AD092F /* pl5_howto.html in Resources */ = {isa = PBXBuildFile; fileRef = B742E6CE2421F0A000AD092F /* pl5_howto.html */; };
		B742E6EC2421F0A000AD092F /* qlc_howto.html in Resources */ = {isa = PBXBuildFile; fileRef = B742E6CF2421F0A000AD092F /* qlc_howto.html */; };
		B742E6ED2421F0A000AD092F /* qxc_howto.html in Resources */ = {isa = PBXBuildFile; fileRef = B742E6D02421F0A000AD092F /* qxc_howto.html */; };
		B742E6EE2421F0A000AD092F /* rule.css in Resources */ = {isa = PBXBuildFile; fileRef = B742E6D12421F0A000AD092F /* rule.css */; };
		B742E6EF2421F0A000AD092F /* sfc_howto.html in Resources */ = {isa = PBXBuildFile; fileRef = B742E6D22421F0A000AD092F /* sfc_howto.html */; };
		B742E6F02421F0A000AD092F /* ssc_howto.html in Resources */ = {isa = PBXBuildFile; fileRef = B742E6D32421F0A000AD092F /* ssc_howto.html */; };
		B742E6F12421F0A000AD092F /* ssq_howto.html in Resources */ = {isa = PBXBuildFile; fileRef = B742E6D42421F0A000AD092F /* ssq_howto.html */; };
		B742E6F22421F0A000AD092F /* x3d_howto.html in Resources */ = {isa = PBXBuildFile; fileRef = B742E6D52421F0A000AD092F /* x3d_howto.html */; };
		B742E6F32421F0A000AD092F /* y11_howto.html in Resources */ = {isa = PBXBuildFile; fileRef = B742E6D62421F0A000AD092F /* y11_howto.html */; };
		B742E6F42421F0A000AD092F /* znzh.html in Resources */ = {isa = PBXBuildFile; fileRef = B742E6D72421F0A000AD092F /* znzh.html */; };
		B742E6F72421F1A700AD092F /* HelpWebController.m in Sources */ = {isa = PBXBuildFile; fileRef = B742E6F62421F1A700AD092F /* HelpWebController.m */; };
		B742E6FA2421FB0C00AD092F /* Help.m in Sources */ = {isa = PBXBuildFile; fileRef = B742E6F92421FB0C00AD092F /* Help.m */; };
		B742E6FD2422044D00AD092F /* WebViewController.m in Sources */ = {isa = PBXBuildFile; fileRef = B742E6FC2422044D00AD092F /* WebViewController.m */; };
		B742E703242246C000AD092F /* InfoPlist.strings in Resources */ = {isa = PBXBuildFile; fileRef = B742E705242246C000AD092F /* InfoPlist.strings */; };
		B742E70B24224C9800AD092F /* Localizable.strings in Resources */ = {isa = PBXBuildFile; fileRef = B742E70D24224C9800AD092F /* Localizable.strings */; };
		B75CB667241DF06C008B47A9 /* NavigationController.m in Sources */ = {isa = PBXBuildFile; fileRef = B75CB666241DF06C008B47A9 /* NavigationController.m */; };
		B75CB66A241DF502008B47A9 /* HallController.m in Sources */ = {isa = PBXBuildFile; fileRef = B75CB669241DF502008B47A9 /* HallController.m */; };
		B75CB66D241E004E008B47A9 /* ArenaController.m in Sources */ = {isa = PBXBuildFile; fileRef = B75CB66C241E004E008B47A9 /* ArenaController.m */; };
		B75CB670241E1C3A008B47A9 /* GroupBtn.m in Sources */ = {isa = PBXBuildFile; fileRef = B75CB66F241E1C3A008B47A9 /* GroupBtn.m */; };
		B75CB673241E1E7A008B47A9 /* UIView+Frame.m in Sources */ = {isa = PBXBuildFile; fileRef = B75CB672241E1E7A008B47A9 /* UIView+Frame.m */; };
		B75CB676241E2160008B47A9 /* GroupBtnController.m in Sources */ = {isa = PBXBuildFile; fileRef = B75CB675241E2160008B47A9 /* GroupBtnController.m */; };
		B75CEE33241CD2B700477764 /* AppDelegate.m in Sources */ = {isa = PBXBuildFile; fileRef = B75CEE0A241CD2B600477764 /* AppDelegate.m */; };
		B75CEE34241CD2B700477764 /* SceneDelegate.m in Sources */ = {isa = PBXBuildFile; fileRef = B75CEE0C241CD2B600477764 /* SceneDelegate.m */; };
		B75CEE37241CD5DE00477764 /* Hall.storyboard in Resources */ = {isa = PBXBuildFile; fileRef = B75CEE36241CD5DE00477764 /* Hall.storyboard */; };
		B75CEE39241CD6D900477764 /* Discovery.storyboard in Resources */ = {isa = PBXBuildFile; fileRef = B75CEE38241CD6D900477764 /* Discovery.storyboard */; };
		B75CEE3B241CD71300477764 /* Arena.storyboard in Resources */ = {isa = PBXBuildFile; fileRef = B75CEE3A241CD71300477764 /* Arena.storyboard */; };
		B75CEE3D241CD76100477764 /* History.storyboard in Resources */ = {isa = PBXBuildFile; fileRef = B75CEE3C241CD76100477764 /* History.storyboard */; };
		B75CEE3F241CD79D00477764 /* MyLottery.storyboard in Resources */ = {isa = PBXBuildFile; fileRef = B75CEE3E241CD79D00477764 /* MyLottery.storyboard */; };
		B75CEE42241CD9F000477764 /* TabBarController.m in Sources */ = {isa = PBXBuildFile; fileRef = B75CEE41241CD9EF00477764 /* TabBarController.m */; };
		B75CEE45241CEAF800477764 /* Tabbar.m in Sources */ = {isa = PBXBuildFile; fileRef = B75CEE44241CEAF800477764 /* Tabbar.m */; };
		B7D0752924206B8500A2F725 /* LiveScorePushController.m in Sources */ = {isa = PBXBuildFile; fileRef = B7D0752824206B8500A2F725 /* LiveScorePushController.m */; };
		B7D0752C24209C2F00A2F725 /* AboutController.m in Sources */ = {isa = PBXBuildFile; fileRef = B7D0752B24209C2F00A2F725 /* AboutController.m */; };
		B7D0753024209D4400A2F725 /* AboutHeaderView.xib in Resources */ = {isa = PBXBuildFile; fileRef = B7D0752F24209D4400A2F725 /* AboutHeaderView.xib */; };
		B7D0753324209D7500A2F725 /* AboutHeaderView.m in Sources */ = {isa = PBXBuildFile; fileRef = B7D0753224209D7500A2F725 /* AboutHeaderView.m */; };
		B7D075352420A11200A2F725 /* more_project.json in Resources */ = {isa = PBXBuildFile; fileRef = B7D075342420A11200A2F725 /* more_project.json */; };
		B7D075382420A2BC00A2F725 /* Product.m in Sources */ = {isa = PBXBuildFile; fileRef = B7D075372420A2BC00A2F725 /* Product.m */; };
		B7D0753B2420A83F00A2F725 /* ProductController.m in Sources */ = {isa = PBXBuildFile; fileRef = B7D0753A2420A83F00A2F725 /* ProductController.m */; };
		B7D0753E2420AC7600A2F725 /* ProductCell.m in Sources */ = {isa = PBXBuildFile; fileRef = B7D0753D2420AC7600A2F725 /* ProductCell.m */; };
		B7D075402420AC8C00A2F725 /* ProductCell.xib in Resources */ = {isa = PBXBuildFile; fileRef = B7D0753F2420AC8C00A2F725 /* ProductCell.xib */; };
		B7D075482420C10B00A2F725 /* GuideController.m in Sources */ = {isa = PBXBuildFile; fileRef = B7D075472420C10B00A2F725 /* GuideController.m */; };
		B7D0754B2420C50F00A2F725 /* GuideCell.m in Sources */ = {isa = PBXBuildFile; fileRef = B7D0754A2420C50F00A2F725 /* GuideCell.m */; };
		B7E708FA241F48C900C1AE7D /* LuckyController.m in Sources */ = {isa = PBXBuildFile; fileRef = B7E708F9241F48C900C1AE7D /* LuckyController.m */; };
		B7E708FD241F55F900C1AE7D /* MyLotteryController.m in Sources */ = {isa = PBXBuildFile; fileRef = B7E708FC241F55F900C1AE7D /* MyLotteryController.m */; };
		B7E70900241F6E7300C1AE7D /* SettingController.m in Sources */ = {isa = PBXBuildFile; fileRef = B7E708FF241F6E7300C1AE7D /* SettingController.m */; };
		B7E70917241F9B8400C1AE7D /* SettingsMorePush02.plist in Resources */ = {isa = PBXBuildFile; fileRef = B7E70910241F9B8300C1AE7D /* SettingsMorePush02.plist */; };
		B7E70918241F9B8400C1AE7D /* SettingsAbout.plist in Resources */ = {isa = PBXBuildFile; fileRef = B7E70911241F9B8300C1AE7D /* SettingsAbout.plist */; };
		B7E70919241F9B8400C1AE7D /* SettingsMorePush.plist in Resources */ = {isa = PBXBuildFile; fileRef = B7E70912241F9B8300C1AE7D /* SettingsMorePush.plist */; };
		B7E7091A241F9B8400C1AE7D /* Settings.plist in Resources */ = {isa = PBXBuildFile; fileRef = B7E70913241F9B8300C1AE7D /* Settings.plist */; };
		B7E7091B241F9B8400C1AE7D /* SettingsMorePush04.plist in Resources */ = {isa = PBXBuildFile; fileRef = B7E70914241F9B8400C1AE7D /* SettingsMorePush04.plist */; };
		B7E7091C241F9B8400C1AE7D /* SettingsMorePush01.plist in Resources */ = {isa = PBXBuildFile; fileRef = B7E70915241F9B8400C1AE7D /* SettingsMorePush01.plist */; };
		B7E7091D241F9B8400C1AE7D /* SettingsMorePush03.plist in Resources */ = {isa = PBXBuildFile; fileRef = B7E70916241F9B8400C1AE7D /* SettingsMorePush03.plist */; };
		B7E70921241FAB3400C1AE7D /* RedeemController.m in Sources */ = {isa = PBXBuildFile; fileRef = B7E70920241FAB3400C1AE7D /* RedeemController.m */; };
		B7E70925241FB98500C1AE7D /* SettingCell.m in Sources */ = {isa = PBXBuildFile; fileRef = B7E70924241FB98500C1AE7D /* SettingCell.m */; };
/* End PBXBuildFile section */

/* Begin PBXContainerItemProxy section */
		B7250219241C9B18006D7316 /* PBXContainerItemProxy */ = {
			isa = PBXContainerItemProxy;
			containerPortal = B72501F5241C9B16006D7316 /* Project object */;
			proxyType = 1;
			remoteGlobalIDString = B72501FC241C9B16006D7316;
			remoteInfo = project_bet;
		};
		B7250224241C9B18006D7316 /* PBXContainerItemProxy */ = {
			isa = PBXContainerItemProxy;
			containerPortal = B72501F5241C9B16006D7316 /* Project object */;
			proxyType = 1;
			remoteGlobalIDString = B72501FC241C9B16006D7316;
			remoteInfo = project_bet;
		};
/* End PBXContainerItemProxy section */

/* Begin PBXFileReference section */
		B72501FD241C9B16006D7316 /* project_bet.app */ = {isa = PBXFileReference; explicitFileType = wrapper.application; includeInIndex = 0; path = project_bet.app; sourceTree = BUILT_PRODUCTS_DIR; };
		B725020C241C9B18006D7316 /* Assets.xcassets */ = {isa = PBXFileReference; lastKnownFileType = folder.assetcatalog; path = Assets.xcassets; sourceTree = "<group>"; };
		B725020F241C9B18006D7316 /* Base */ = {isa = PBXFileReference; lastKnownFileType = file.storyboard; name = Base; path = Base.lproj/LaunchScreen.storyboard; sourceTree = "<group>"; };
		B7250211241C9B18006D7316 /* Info.plist */ = {isa = PBXFileReference; lastKnownFileType = text.plist.xml; path = Info.plist; sourceTree = "<group>"; };
		B7250212241C9B18006D7316 /* main.m */ = {isa = PBXFileReference; lastKnownFileType = sourcecode.c.objc; path = main.m; sourceTree = "<group>"; };
		B7250218241C9B18006D7316 /* project_betTests.xctest */ = {isa = PBXFileReference; explicitFileType = wrapper.cfbundle; includeInIndex = 0; path = project_betTests.xctest; sourceTree = BUILT_PRODUCTS_DIR; };
		B725021C241C9B18006D7316 /* project_betTests.m */ = {isa = PBXFileReference; lastKnownFileType = sourcecode.c.objc; path = project_betTests.m; sourceTree = "<group>"; };
		B725021E241C9B18006D7316 /* Info.plist */ = {isa = PBXFileReference; lastKnownFileType = text.plist.xml; path = Info.plist; sourceTree = "<group>"; };
		B7250223241C9B18006D7316 /* project_betUITests.xctest */ = {isa = PBXFileReference; explicitFileType = wrapper.cfbundle; includeInIndex = 0; path = project_betUITests.xctest; sourceTree = BUILT_PRODUCTS_DIR; };
		B7250227241C9B18006D7316 /* project_betUITests.m */ = {isa = PBXFileReference; lastKnownFileType = sourcecode.c.objc; path = project_betUITests.m; sourceTree = "<group>"; };
		B7250229241C9B18006D7316 /* Info.plist */ = {isa = PBXFileReference; lastKnownFileType = text.plist.xml; path = Info.plist; sourceTree = "<group>"; };
		B742E6B82421E8F400AD092F /* help.json */ = {isa = PBXFileReference; fileEncoding = 4; lastKnownFileType = text.json; path = help.json; sourceTree = "<group>"; };
		B742E6BB2421F0A000AD092F /* bjdc_howto.html */ = {isa = PBXFileReference; fileEncoding = 4; lastKnownFileType = text.html; path = bjdc_howto.html; sourceTree = "<group>"; };
		B742E6BC2421F0A000AD092F /* coupon_help.html */ = {isa = PBXFileReference; fileEncoding = 4; lastKnownFileType = text.html; path = coupon_help.html; sourceTree = "<group>"; };
		B742E6BD2421F0A000AD092F /* credit_help.html */ = {isa = PBXFileReference; fileEncoding = 4; lastKnownFileType = text.html; path = credit_help.html; sourceTree = "<group>"; };
		B742E6BE2421F0A000AD092F /* dlt_howto.html */ = {isa = PBXFileReference; fileEncoding = 4; lastKnownFileType = text.html; path = dlt_howto.html; sourceTree = "<group>"; };
		B742E6BF2421F0A000AD092F /* f9_howto.html */ = {isa = PBXFileReference; fileEncoding = 4; lastKnownFileType = text.html; path = f9_howto.html; sourceTree = "<group>"; };
		B742E6C02421F0A000AD092F /* gdy11_howto.html */ = {isa = PBXFileReference; fileEncoding = 4; lastKnownFileType = text.html; path = gdy11_howto.html; sourceTree = "<group>"; };
		B742E6C12421F0A000AD092F /* group_record.html */ = {isa = PBXFileReference; fileEncoding = 4; lastKnownFileType = text.html; path = group_record.html; sourceTree = "<group>"; };
		B742E6C22421F0A000AD092F /* help.html */ = {isa = PBXFileReference; fileEncoding = 4; lastKnownFileType = text.html; path = help.html; sourceTree = "<group>"; };
		B742E6C32421F0A000AD092F /* helpGroupBuy.html */ = {isa = PBXFileReference; fileEncoding = 4; lastKnownFileType = text.html; path = helpGroupBuy.html; sourceTree = "<group>"; };
		B742E6C42421F0A000AD092F /* jclq_howto.html */ = {isa = PBXFileReference; fileEncoding = 4; lastKnownFileType = text.html; path = jclq_howto.html; sourceTree = "<group>"; };
		B742E6C52421F0A000AD092F /* jczq_howto.html */ = {isa = PBXFileReference; fileEncoding = 4; lastKnownFileType = text.html; path = jczq_howto.html; sourceTree = "<group>"; };
		B742E6C62421F0A000AD092F /* jxssc_howto.html */ = {isa = PBXFileReference; fileEncoding = 4; lastKnownFileType = text.html; path = jxssc_howto.html; sourceTree = "<group>"; };
		B742E6C72421F0A000AD092F /* jxy11_howto.html */ = {isa = PBXFileReference; fileEncoding = 4; lastKnownFileType = text.html; path = jxy11_howto.html; sourceTree = "<group>"; };
		B742E6C82421F0A000AD092F /* k2_howto.html */ = {isa = PBXFileReference; fileEncoding = 4; lastKnownFileType = text.html; path = k2_howto.html; sourceTree = "<group>"; };
		B742E6C92421F0A000AD092F /* k3_howto.html */ = {isa = PBXFileReference; fileEncoding = 4; lastKnownFileType = text.html; path = k3_howto.html; sourceTree = "<group>"; };
		B742E6CA2421F0A000AD092F /* kl8_howto.html */ = {isa = PBXFileReference; fileEncoding = 4; lastKnownFileType = text.html; path = kl8_howto.html; sourceTree = "<group>"; };
		B742E6CB2421F0A000AD092F /* lk11_howto.html */ = {isa = PBXFileReference; fileEncoding = 4; lastKnownFileType = text.html; path = lk11_howto.html; sourceTree = "<group>"; };
		B742E6CC2421F0A000AD092F /* networkconnectedfailed.html */ = {isa = PBXFileReference; fileEncoding = 4; lastKnownFileType = text.html; path = networkconnectedfailed.html; sourceTree = "<group>"; };
		B742E6CD2421F0A000AD092F /* pl3_howto.html */ = {isa = PBXFileReference; fileEncoding = 4; lastKnownFileType = text.html; path = pl3_howto.html; sourceTree = "<group>"; };
		B742E6CE2421F0A000AD092F /* pl5_howto.html */ = {isa = PBXFileReference; fileEncoding = 4; lastKnownFileType = text.html; path = pl5_howto.html; sourceTree = "<group>"; };
		B742E6CF2421F0A000AD092F /* qlc_howto.html */ = {isa = PBXFileReference; fileEncoding = 4; lastKnownFileType = text.html; path = qlc_howto.html; sourceTree = "<group>"; };
		B742E6D02421F0A000AD092F /* qxc_howto.html */ = {isa = PBXFileReference; fileEncoding = 4; lastKnownFileType = text.html; path = qxc_howto.html; sourceTree = "<group>"; };
		B742E6D12421F0A000AD092F /* rule.css */ = {isa = PBXFileReference; fileEncoding = 4; lastKnownFileType = text.css; path = rule.css; sourceTree = "<group>"; };
		B742E6D22421F0A000AD092F /* sfc_howto.html */ = {isa = PBXFileReference; fileEncoding = 4; lastKnownFileType = text.html; path = sfc_howto.html; sourceTree = "<group>"; };
		B742E6D32421F0A000AD092F /* ssc_howto.html */ = {isa = PBXFileReference; fileEncoding = 4; lastKnownFileType = text.html; path = ssc_howto.html; sourceTree = "<group>"; };
		B742E6D42421F0A000AD092F /* ssq_howto.html */ = {isa = PBXFileReference; fileEncoding = 4; lastKnownFileType = text.html; path = ssq_howto.html; sourceTree = "<group>"; };
		B742E6D52421F0A000AD092F /* x3d_howto.html */ = {isa = PBXFileReference; fileEncoding = 4; lastKnownFileType = text.html; path = x3d_howto.html; sourceTree = "<group>"; };
		B742E6D62421F0A000AD092F /* y11_howto.html */ = {isa = PBXFileReference; fileEncoding = 4; lastKnownFileType = text.html; path = y11_howto.html; sourceTree = "<group>"; };
		B742E6D72421F0A000AD092F /* znzh.html */ = {isa = PBXFileReference; fileEncoding = 4; lastKnownFileType = text.html; path = znzh.html; sourceTree = "<group>"; };
		B742E6F52421F1A700AD092F /* HelpWebController.h */ = {isa = PBXFileReference; lastKnownFileType = sourcecode.c.h; path = HelpWebController.h; sourceTree = "<group>"; };
		B742E6F62421F1A700AD092F /* HelpWebController.m */ = {isa = PBXFileReference; lastKnownFileType = sourcecode.c.objc; path = HelpWebController.m; sourceTree = "<group>"; };
		B742E6F82421FB0C00AD092F /* Help.h */ = {isa = PBXFileReference; lastKnownFileType = sourcecode.c.h; path = Help.h; sourceTree = "<group>"; };
		B742E6F92421FB0C00AD092F /* Help.m */ = {isa = PBXFileReference; lastKnownFileType = sourcecode.c.objc; path = Help.m; sourceTree = "<group>"; };
		B742E6FB2422044D00AD092F /* WebViewController.h */ = {isa = PBXFileReference; lastKnownFileType = sourcecode.c.h; path = WebViewController.h; sourceTree = "<group>"; };
		B742E6FC2422044D00AD092F /* WebViewController.m */ = {isa = PBXFileReference; lastKnownFileType = sourcecode.c.objc; path = WebViewController.m; sourceTree = "<group>"; };
		B742E6FE242245C300AD092F /* zh-Hans */ = {isa = PBXFileReference; lastKnownFileType = text.plist.strings; name = "zh-Hans"; path = "zh-Hans.lproj/LaunchScreen.strings"; sourceTree = "<group>"; };
		B742E704242246C000AD092F /* en */ = {isa = PBXFileReference; lastKnownFileType = text.plist.strings; name = en; path = en.lproj/InfoPlist.strings; sourceTree = "<group>"; };
		B742E706242246C600AD092F /* zh-Hans */ = {isa = PBXFileReference; lastKnownFileType = text.plist.strings; name = "zh-Hans"; path = "zh-Hans.lproj/InfoPlist.strings"; sourceTree = "<group>"; };
		B742E70824224A7700AD092F /* en */ = {isa = PBXFileReference; lastKnownFileType = text.plist.strings; name = en; path = en.lproj/LaunchScreen.strings; sourceTree = "<group>"; };
		B742E70C24224C9800AD092F /* en */ = {isa = PBXFileReference; lastKnownFileType = text.plist.strings; name = en; path = en.lproj/Localizable.strings; sourceTree = "<group>"; };
		B742E70E24224C9B00AD092F /* zh-Hans */ = {isa = PBXFileReference; lastKnownFileType = text.plist.strings; name = "zh-Hans"; path = "zh-Hans.lproj/Localizable.strings"; sourceTree = "<group>"; };
		B75CB665241DF06C008B47A9 /* NavigationController.h */ = {isa = PBXFileReference; lastKnownFileType = sourcecode.c.h; path = NavigationController.h; sourceTree = "<group>"; };
		B75CB666241DF06C008B47A9 /* NavigationController.m */ = {isa = PBXFileReference; lastKnownFileType = sourcecode.c.objc; path = NavigationController.m; sourceTree = "<group>"; };
		B75CB668241DF502008B47A9 /* HallController.h */ = {isa = PBXFileReference; lastKnownFileType = sourcecode.c.h; path = HallController.h; sourceTree = "<group>"; };
		B75CB669241DF502008B47A9 /* HallController.m */ = {isa = PBXFileReference; lastKnownFileType = sourcecode.c.objc; path = HallController.m; sourceTree = "<group>"; };
		B75CB66B241E004E008B47A9 /* ArenaController.h */ = {isa = PBXFileReference; lastKnownFileType = sourcecode.c.h; path = ArenaController.h; sourceTree = "<group>"; };
		B75CB66C241E004E008B47A9 /* ArenaController.m */ = {isa = PBXFileReference; lastKnownFileType = sourcecode.c.objc; path = ArenaController.m; sourceTree = "<group>"; };
		B75CB66E241E1C3A008B47A9 /* GroupBtn.h */ = {isa = PBXFileReference; lastKnownFileType = sourcecode.c.h; path = GroupBtn.h; sourceTree = "<group>"; };
		B75CB66F241E1C3A008B47A9 /* GroupBtn.m */ = {isa = PBXFileReference; lastKnownFileType = sourcecode.c.objc; path = GroupBtn.m; sourceTree = "<group>"; };
		B75CB671241E1E7A008B47A9 /* UIView+Frame.h */ = {isa = PBXFileReference; lastKnownFileType = sourcecode.c.h; path = "UIView+Frame.h"; sourceTree = "<group>"; };
		B75CB672241E1E7A008B47A9 /* UIView+Frame.m */ = {isa = PBXFileReference; lastKnownFileType = sourcecode.c.objc; path = "UIView+Frame.m"; sourceTree = "<group>"; };
		B75CB674241E2160008B47A9 /* GroupBtnController.h */ = {isa = PBXFileReference; lastKnownFileType = sourcecode.c.h; path = GroupBtnController.h; sourceTree = "<group>"; };
		B75CB675241E2160008B47A9 /* GroupBtnController.m */ = {isa = PBXFileReference; lastKnownFileType = sourcecode.c.objc; path = GroupBtnController.m; sourceTree = "<group>"; };
		B75CEE09241CD2B600477764 /* AppDelegate.h */ = {isa = PBXFileReference; fileEncoding = 4; lastKnownFileType = sourcecode.c.h; path = AppDelegate.h; sourceTree = "<group>"; };
		B75CEE0A241CD2B600477764 /* AppDelegate.m */ = {isa = PBXFileReference; fileEncoding = 4; lastKnownFileType = sourcecode.c.objc; path = AppDelegate.m; sourceTree = "<group>"; };
		B75CEE0B241CD2B600477764 /* SceneDelegate.h */ = {isa = PBXFileReference; fileEncoding = 4; lastKnownFileType = sourcecode.c.h; path = SceneDelegate.h; sourceTree = "<group>"; };
		B75CEE0C241CD2B600477764 /* SceneDelegate.m */ = {isa = PBXFileReference; fileEncoding = 4; lastKnownFileType = sourcecode.c.objc; path = SceneDelegate.m; sourceTree = "<group>"; };
		B75CEE35241CD39F00477764 /* PrefixHeader.pch */ = {isa = PBXFileReference; lastKnownFileType = sourcecode.c.h; path = PrefixHeader.pch; sourceTree = "<group>"; };
		B75CEE36241CD5DE00477764 /* Hall.storyboard */ = {isa = PBXFileReference; lastKnownFileType = file.storyboard; path = Hall.storyboard; sourceTree = "<group>"; };
		B75CEE38241CD6D900477764 /* Discovery.storyboard */ = {isa = PBXFileReference; fileEncoding = 4; lastKnownFileType = file.storyboard; path = Discovery.storyboard; sourceTree = "<group>"; };
		B75CEE3A241CD71300477764 /* Arena.storyboard */ = {isa = PBXFileReference; fileEncoding = 4; lastKnownFileType = file.storyboard; path = Arena.storyboard; sourceTree = "<group>"; };
		B75CEE3C241CD76100477764 /* History.storyboard */ = {isa = PBXFileReference; fileEncoding = 4; lastKnownFileType = file.storyboard; path = History.storyboard; sourceTree = "<group>"; };
		B75CEE3E241CD79D00477764 /* MyLottery.storyboard */ = {isa = PBXFileReference; fileEncoding = 4; lastKnownFileType = file.storyboard; path = MyLottery.storyboard; sourceTree = "<group>"; };
		B75CEE40241CD9EF00477764 /* TabBarController.h */ = {isa = PBXFileReference; lastKnownFileType = sourcecode.c.h; path = TabBarController.h; sourceTree = "<group>"; };
		B75CEE41241CD9EF00477764 /* TabBarController.m */ = {isa = PBXFileReference; lastKnownFileType = sourcecode.c.objc; path = TabBarController.m; sourceTree = "<group>"; };
		B75CEE43241CEAF800477764 /* Tabbar.h */ = {isa = PBXFileReference; lastKnownFileType = sourcecode.c.h; path = Tabbar.h; sourceTree = "<group>"; };
		B75CEE44241CEAF800477764 /* Tabbar.m */ = {isa = PBXFileReference; lastKnownFileType = sourcecode.c.objc; path = Tabbar.m; sourceTree = "<group>"; };
		B7D0752724206B8500A2F725 /* LiveScorePushController.h */ = {isa = PBXFileReference; lastKnownFileType = sourcecode.c.h; path = LiveScorePushController.h; sourceTree = "<group>"; };
		B7D0752824206B8500A2F725 /* LiveScorePushController.m */ = {isa = PBXFileReference; lastKnownFileType = sourcecode.c.objc; path = LiveScorePushController.m; sourceTree = "<group>"; };
		B7D0752A24209C2F00A2F725 /* AboutController.h */ = {isa = PBXFileReference; lastKnownFileType = sourcecode.c.h; path = AboutController.h; sourceTree = "<group>"; };
		B7D0752B24209C2F00A2F725 /* AboutController.m */ = {isa = PBXFileReference; lastKnownFileType = sourcecode.c.objc; path = AboutController.m; sourceTree = "<group>"; };
		B7D0752F24209D4400A2F725 /* AboutHeaderView.xib */ = {isa = PBXFileReference; lastKnownFileType = file.xib; path = AboutHeaderView.xib; sourceTree = "<group>"; };
		B7D0753124209D7500A2F725 /* AboutHeaderView.h */ = {isa = PBXFileReference; lastKnownFileType = sourcecode.c.h; path = AboutHeaderView.h; sourceTree = "<group>"; };
		B7D0753224209D7500A2F725 /* AboutHeaderView.m */ = {isa = PBXFileReference; lastKnownFileType = sourcecode.c.objc; path = AboutHeaderView.m; sourceTree = "<group>"; };
		B7D075342420A11200A2F725 /* more_project.json */ = {isa = PBXFileReference; fileEncoding = 4; lastKnownFileType = text.json; path = more_project.json; sourceTree = "<group>"; };
		B7D075362420A2BC00A2F725 /* Product.h */ = {isa = PBXFileReference; lastKnownFileType = sourcecode.c.h; path = Product.h; sourceTree = "<group>"; };
		B7D075372420A2BC00A2F725 /* Product.m */ = {isa = PBXFileReference; lastKnownFileType = sourcecode.c.objc; path = Product.m; sourceTree = "<group>"; };
		B7D075392420A83F00A2F725 /* ProductController.h */ = {isa = PBXFileReference; lastKnownFileType = sourcecode.c.h; path = ProductController.h; sourceTree = "<group>"; };
		B7D0753A2420A83F00A2F725 /* ProductController.m */ = {isa = PBXFileReference; lastKnownFileType = sourcecode.c.objc; path = ProductController.m; sourceTree = "<group>"; };
		B7D0753C2420AC7600A2F725 /* ProductCell.h */ = {isa = PBXFileReference; lastKnownFileType = sourcecode.c.h; path = ProductCell.h; sourceTree = "<group>"; };
		B7D0753D2420AC7600A2F725 /* ProductCell.m */ = {isa = PBXFileReference; lastKnownFileType = sourcecode.c.objc; path = ProductCell.m; sourceTree = "<group>"; };
		B7D0753F2420AC8C00A2F725 /* ProductCell.xib */ = {isa = PBXFileReference; lastKnownFileType = file.xib; path = ProductCell.xib; sourceTree = "<group>"; };
		B7D075462420C10B00A2F725 /* GuideController.h */ = {isa = PBXFileReference; lastKnownFileType = sourcecode.c.h; path = GuideController.h; sourceTree = "<group>"; };
		B7D075472420C10B00A2F725 /* GuideController.m */ = {isa = PBXFileReference; lastKnownFileType = sourcecode.c.objc; path = GuideController.m; sourceTree = "<group>"; };
		B7D075492420C50F00A2F725 /* GuideCell.h */ = {isa = PBXFileReference; lastKnownFileType = sourcecode.c.h; path = GuideCell.h; sourceTree = "<group>"; };
		B7D0754A2420C50F00A2F725 /* GuideCell.m */ = {isa = PBXFileReference; lastKnownFileType = sourcecode.c.objc; path = GuideCell.m; sourceTree = "<group>"; };
		B7E708F8241F48C900C1AE7D /* LuckyController.h */ = {isa = PBXFileReference; lastKnownFileType = sourcecode.c.h; path = LuckyController.h; sourceTree = "<group>"; };
		B7E708F9241F48C900C1AE7D /* LuckyController.m */ = {isa = PBXFileReference; lastKnownFileType = sourcecode.c.objc; path = LuckyController.m; sourceTree = "<group>"; };
		B7E708FB241F55F900C1AE7D /* MyLotteryController.h */ = {isa = PBXFileReference; lastKnownFileType = sourcecode.c.h; path = MyLotteryController.h; sourceTree = "<group>"; };
		B7E708FC241F55F900C1AE7D /* MyLotteryController.m */ = {isa = PBXFileReference; lastKnownFileType = sourcecode.c.objc; path = MyLotteryController.m; sourceTree = "<group>"; };
		B7E708FE241F6E7300C1AE7D /* SettingController.h */ = {isa = PBXFileReference; lastKnownFileType = sourcecode.c.h; path = SettingController.h; sourceTree = "<group>"; };
		B7E708FF241F6E7300C1AE7D /* SettingController.m */ = {isa = PBXFileReference; lastKnownFileType = sourcecode.c.objc; path = SettingController.m; sourceTree = "<group>"; };
		B7E70910241F9B8300C1AE7D /* SettingsMorePush02.plist */ = {isa = PBXFileReference; fileEncoding = 4; lastKnownFileType = text.plist.xml; path = SettingsMorePush02.plist; sourceTree = "<group>"; };
		B7E70911241F9B8300C1AE7D /* SettingsAbout.plist */ = {isa = PBXFileReference; fileEncoding = 4; lastKnownFileType = text.plist.xml; path = SettingsAbout.plist; sourceTree = "<group>"; };
		B7E70912241F9B8300C1AE7D /* SettingsMorePush.plist */ = {isa = PBXFileReference; fileEncoding = 4; lastKnownFileType = text.plist.xml; path = SettingsMorePush.plist; sourceTree = "<group>"; };
		B7E70913241F9B8300C1AE7D /* Settings.plist */ = {isa = PBXFileReference; fileEncoding = 4; lastKnownFileType = text.plist.xml; path = Settings.plist; sourceTree = "<group>"; };
		B7E70914241F9B8400C1AE7D /* SettingsMorePush04.plist */ = {isa = PBXFileReference; fileEncoding = 4; lastKnownFileType = text.plist.xml; path = SettingsMorePush04.plist; sourceTree = "<group>"; };
		B7E70915241F9B8400C1AE7D /* SettingsMorePush01.plist */ = {isa = PBXFileReference; fileEncoding = 4; lastKnownFileType = text.plist.xml; path = SettingsMorePush01.plist; sourceTree = "<group>"; };
		B7E70916241F9B8400C1AE7D /* SettingsMorePush03.plist */ = {isa = PBXFileReference; fileEncoding = 4; lastKnownFileType = text.plist.xml; path = SettingsMorePush03.plist; sourceTree = "<group>"; };
		B7E7091F241FAB3400C1AE7D /* RedeemController.h */ = {isa = PBXFileReference; lastKnownFileType = sourcecode.c.h; path = RedeemController.h; sourceTree = "<group>"; };
		B7E70920241FAB3400C1AE7D /* RedeemController.m */ = {isa = PBXFileReference; lastKnownFileType = sourcecode.c.objc; path = RedeemController.m; sourceTree = "<group>"; };
		B7E70923241FB98500C1AE7D /* SettingCell.h */ = {isa = PBXFileReference; lastKnownFileType = sourcecode.c.h; path = SettingCell.h; sourceTree = "<group>"; };
		B7E70924241FB98500C1AE7D /* SettingCell.m */ = {isa = PBXFileReference; lastKnownFileType = sourcecode.c.objc; path = SettingCell.m; sourceTree = "<group>"; };
/* End PBXFileReference section */

/* Begin PBXFrameworksBuildPhase section */
		B72501FA241C9B16006D7316 /* Frameworks */ = {
			isa = PBXFrameworksBuildPhase;
			buildActionMask = 2147483647;
			files = (
			);
			runOnlyForDeploymentPostprocessing = 0;
		};
		B7250215241C9B18006D7316 /* Frameworks */ = {
			isa = PBXFrameworksBuildPhase;
			buildActionMask = 2147483647;
			files = (
			);
			runOnlyForDeploymentPostprocessing = 0;
		};
		B7250220241C9B18006D7316 /* Frameworks */ = {
			isa = PBXFrameworksBuildPhase;
			buildActionMask = 2147483647;
			files = (
			);
			runOnlyForDeploymentPostprocessing = 0;
		};
/* End PBXFrameworksBuildPhase section */

/* Begin PBXGroup section */
		B72501F4241C9B16006D7316 = {
			isa = PBXGroup;
			children = (
				B72501FF241C9B16006D7316 /* project_bet */,
				B725021B241C9B18006D7316 /* project_betTests */,
				B7250226241C9B18006D7316 /* project_betUITests */,
				B72501FE241C9B16006D7316 /* Products */,
			);
			sourceTree = "<group>";
		};
		B72501FE241C9B16006D7316 /* Products */ = {
			isa = PBXGroup;
			children = (
				B72501FD241C9B16006D7316 /* project_bet.app */,
				B7250218241C9B18006D7316 /* project_betTests.xctest */,
				B7250223241C9B18006D7316 /* project_betUITests.xctest */,
			);
			name = Products;
			sourceTree = "<group>";
		};
		B72501FF241C9B16006D7316 /* project_bet */ = {
			isa = PBXGroup;
			children = (
				B7E70901241F7E3900C1AE7D /* SupportFile */,
				B75CEE0E241CD2B700477764 /* Classes */,
				B75CEE0D241CD2B700477764 /* common */,
				B75CEE32241CD2B700477764 /* Libs */,
				B75CEE08241CD2B600477764 /* Other */,
				B725020C241C9B18006D7316 /* Assets.xcassets */,
				B725020E241C9B18006D7316 /* LaunchScreen.storyboard */,
				B7250211241C9B18006D7316 /* Info.plist */,
				B7250212241C9B18006D7316 /* main.m */,
			);
			path = project_bet;
			sourceTree = "<group>";
		};
		B725021B241C9B18006D7316 /* project_betTests */ = {
			isa = PBXGroup;
			children = (
				B725021C241C9B18006D7316 /* project_betTests.m */,
				B725021E241C9B18006D7316 /* Info.plist */,
			);
			path = project_betTests;
			sourceTree = "<group>";
		};
		B7250226241C9B18006D7316 /* project_betUITests */ = {
			isa = PBXGroup;
			children = (
				B7250227241C9B18006D7316 /* project_betUITests.m */,
				B7250229241C9B18006D7316 /* Info.plist */,
			);
			path = project_betUITests;
			sourceTree = "<group>";
		};
		B742E6BA2421F0A000AD092F /* Html */ = {
			isa = PBXGroup;
			children = (
				B742E6BB2421F0A000AD092F /* bjdc_howto.html */,
				B742E6BC2421F0A000AD092F /* coupon_help.html */,
				B742E6BD2421F0A000AD092F /* credit_help.html */,
				B742E6BE2421F0A000AD092F /* dlt_howto.html */,
				B742E6BF2421F0A000AD092F /* f9_howto.html */,
				B742E6C02421F0A000AD092F /* gdy11_howto.html */,
				B742E6C12421F0A000AD092F /* group_record.html */,
				B742E6C22421F0A000AD092F /* help.html */,
				B742E6C32421F0A000AD092F /* helpGroupBuy.html */,
				B742E6C42421F0A000AD092F /* jclq_howto.html */,
				B742E6C52421F0A000AD092F /* jczq_howto.html */,
				B742E6C62421F0A000AD092F /* jxssc_howto.html */,
				B742E6C72421F0A000AD092F /* jxy11_howto.html */,
				B742E6C82421F0A000AD092F /* k2_howto.html */,
				B742E6C92421F0A000AD092F /* k3_howto.html */,
				B742E6CA2421F0A000AD092F /* kl8_howto.html */,
				B742E6CB2421F0A000AD092F /* lk11_howto.html */,
				B742E6CC2421F0A000AD092F /* networkconnectedfailed.html */,
				B742E6CD2421F0A000AD092F /* pl3_howto.html */,
				B742E6CE2421F0A000AD092F /* pl5_howto.html */,
				B742E6CF2421F0A000AD092F /* qlc_howto.html */,
				B742E6D02421F0A000AD092F /* qxc_howto.html */,
				B742E6D12421F0A000AD092F /* rule.css */,
				B742E6D22421F0A000AD092F /* sfc_howto.html */,
				B742E6D32421F0A000AD092F /* ssc_howto.html */,
				B742E6D42421F0A000AD092F /* ssq_howto.html */,
				B742E6D52421F0A000AD092F /* x3d_howto.html */,
				B742E6D62421F0A000AD092F /* y11_howto.html */,
				B742E6D72421F0A000AD092F /* znzh.html */,
			);
			path = Html;
			sourceTree = "<group>";
		};
		B75CEE08241CD2B600477764 /* Other */ = {
			isa = PBXGroup;
			children = (
				B742E6BA2421F0A000AD092F /* Html */,
				B75CEE09241CD2B600477764 /* AppDelegate.h */,
				B75CEE0A241CD2B600477764 /* AppDelegate.m */,
				B75CEE0B241CD2B600477764 /* SceneDelegate.h */,
				B75CEE0C241CD2B600477764 /* SceneDelegate.m */,
				B75CEE35241CD39F00477764 /* PrefixHeader.pch */,
			);
			path = Other;
			sourceTree = "<group>";
		};
		B75CEE0D241CD2B700477764 /* common */ = {
			isa = PBXGroup;
			children = (
				B75CB671241E1E7A008B47A9 /* UIView+Frame.h */,
				B75CB672241E1E7A008B47A9 /* UIView+Frame.m */,
			);
			path = common;
			sourceTree = "<group>";
		};
		B75CEE0E241CD2B700477764 /* Classes */ = {
			isa = PBXGroup;
			children = (
				B7D075412420C0D300A2F725 /* Guide */,
				B75CEE0F241CD2B700477764 /* Arena */,
				B75CEE14241CD2B700477764 /* Discovery */,
				B75CEE19241CD2B700477764 /* Hall */,
				B75CEE1E241CD2B700477764 /* History */,
				B75CEE23241CD2B700477764 /* Main */,
				B75CEE28241CD2B700477764 /* mylottery */,
			);
			path = Classes;
			sourceTree = "<group>";
		};
		B75CEE0F241CD2B700477764 /* Arena */ = {
			isa = PBXGroup;
			children = (
				B75CEE10241CD2B700477764 /* Controller */,
				B75CEE11241CD2B700477764 /* Ohter */,
				B75CEE12241CD2B700477764 /* View */,
			);
			path = Arena;
			sourceTree = "<group>";
		};
		B75CEE10241CD2B700477764 /* Controller */ = {
			isa = PBXGroup;
			children = (
				B75CB66B241E004E008B47A9 /* ArenaController.h */,
				B75CB66C241E004E008B47A9 /* ArenaController.m */,
			);
			path = Controller;
			sourceTree = "<group>";
		};
		B75CEE11241CD2B700477764 /* Ohter */ = {
			isa = PBXGroup;
			children = (
			);
			path = Ohter;
			sourceTree = "<group>";
		};
		B75CEE12241CD2B700477764 /* View */ = {
			isa = PBXGroup;
			children = (
				B75CEE3A241CD71300477764 /* Arena.storyboard */,
			);
			path = View;
			sourceTree = "<group>";
		};
		B75CEE14241CD2B700477764 /* Discovery */ = {
			isa = PBXGroup;
			children = (
				B75CEE15241CD2B700477764 /* Controller */,
				B75CEE16241CD2B700477764 /* Ohter */,
				B75CEE17241CD2B700477764 /* View */,
			);
			path = Discovery;
			sourceTree = "<group>";
		};
		B75CEE15241CD2B700477764 /* Controller */ = {
			isa = PBXGroup;
			children = (
				B75CB674241E2160008B47A9 /* GroupBtnController.h */,
				B75CB675241E2160008B47A9 /* GroupBtnController.m */,
				B7E708F8241F48C900C1AE7D /* LuckyController.h */,
				B7E708F9241F48C900C1AE7D /* LuckyController.m */,
			);
			path = Controller;
			sourceTree = "<group>";
		};
		B75CEE16241CD2B700477764 /* Ohter */ = {
			isa = PBXGroup;
			children = (
			);
			path = Ohter;
			sourceTree = "<group>";
		};
		B75CEE17241CD2B700477764 /* View */ = {
			isa = PBXGroup;
			children = (
				B75CEE38241CD6D900477764 /* Discovery.storyboard */,
				B75CB66E241E1C3A008B47A9 /* GroupBtn.h */,
				B75CB66F241E1C3A008B47A9 /* GroupBtn.m */,
			);
			path = View;
			sourceTree = "<group>";
		};
		B75CEE19241CD2B700477764 /* Hall */ = {
			isa = PBXGroup;
			children = (
				B75CEE1A241CD2B700477764 /* Controller */,
				B75CEE1B241CD2B700477764 /* Ohter */,
				B75CEE1C241CD2B700477764 /* View */,
			);
			path = Hall;
			sourceTree = "<group>";
		};
		B75CEE1A241CD2B700477764 /* Controller */ = {
			isa = PBXGroup;
			children = (
				B75CB668241DF502008B47A9 /* HallController.h */,
				B75CB669241DF502008B47A9 /* HallController.m */,
			);
			path = Controller;
			sourceTree = "<group>";
		};
		B75CEE1B241CD2B700477764 /* Ohter */ = {
			isa = PBXGroup;
			children = (
			);
			path = Ohter;
			sourceTree = "<group>";
		};
		B75CEE1C241CD2B700477764 /* View */ = {
			isa = PBXGroup;
			children = (
				B75CEE36241CD5DE00477764 /* Hall.storyboard */,
			);
			path = View;
			sourceTree = "<group>";
		};
		B75CEE1E241CD2B700477764 /* History */ = {
			isa = PBXGroup;
			children = (
				B75CEE1F241CD2B700477764 /* Controller */,
				B75CEE20241CD2B700477764 /* Ohter */,
				B75CEE21241CD2B700477764 /* View */,
			);
			path = History;
			sourceTree = "<group>";
		};
		B75CEE1F241CD2B700477764 /* Controller */ = {
			isa = PBXGroup;
			children = (
			);
			path = Controller;
			sourceTree = "<group>";
		};
		B75CEE20241CD2B700477764 /* Ohter */ = {
			isa = PBXGroup;
			children = (
			);
			path = Ohter;
			sourceTree = "<group>";
		};
		B75CEE21241CD2B700477764 /* View */ = {
			isa = PBXGroup;
			children = (
				B75CEE3C241CD76100477764 /* History.storyboard */,
			);
			path = View;
			sourceTree = "<group>";
		};
		B75CEE23241CD2B700477764 /* Main */ = {
			isa = PBXGroup;
			children = (
				B75CEE24241CD2B700477764 /* Controller */,
				B75CEE25241CD2B700477764 /* Ohter */,
				B75CEE26241CD2B700477764 /* View */,
			);
			path = Main;
			sourceTree = "<group>";
		};
		B75CEE24241CD2B700477764 /* Controller */ = {
			isa = PBXGroup;
			children = (
				B75CEE40241CD9EF00477764 /* TabBarController.h */,
				B75CEE41241CD9EF00477764 /* TabBarController.m */,
				B75CB665241DF06C008B47A9 /* NavigationController.h */,
				B75CB666241DF06C008B47A9 /* NavigationController.m */,
			);
			path = Controller;
			sourceTree = "<group>";
		};
		B75CEE25241CD2B700477764 /* Ohter */ = {
			isa = PBXGroup;
			children = (
			);
			path = Ohter;
			sourceTree = "<group>";
		};
		B75CEE26241CD2B700477764 /* View */ = {
			isa = PBXGroup;
			children = (
				B75CEE43241CEAF800477764 /* Tabbar.h */,
				B75CEE44241CEAF800477764 /* Tabbar.m */,
			);
			path = View;
			sourceTree = "<group>";
		};
		B75CEE28241CD2B700477764 /* mylottery */ = {
			isa = PBXGroup;
			children = (
				B75CEE29241CD2B700477764 /* Controller */,
				B75CEE2A241CD2B700477764 /* Model */,
				B75CEE2B241CD2B700477764 /* View */,
			);
			path = mylottery;
			sourceTree = "<group>";
		};
		B75CEE29241CD2B700477764 /* Controller */ = {
			isa = PBXGroup;
			children = (
				B7E7091E241FAABA00C1AE7D /* settings */,
				B7E708FB241F55F900C1AE7D /* MyLotteryController.h */,
				B7E708FC241F55F900C1AE7D /* MyLotteryController.m */,
				B7E708FE241F6E7300C1AE7D /* SettingController.h */,
				B7E708FF241F6E7300C1AE7D /* SettingController.m */,
			);
			path = Controller;
			sourceTree = "<group>";
		};
		B75CEE2A241CD2B700477764 /* Model */ = {
			isa = PBXGroup;
			children = (
				B7D075362420A2BC00A2F725 /* Product.h */,
				B7D075372420A2BC00A2F725 /* Product.m */,
				B742E6F82421FB0C00AD092F /* Help.h */,
				B742E6F92421FB0C00AD092F /* Help.m */,
			);
			path = Model;
			sourceTree = "<group>";
		};
		B75CEE2B241CD2B700477764 /* View */ = {
			isa = PBXGroup;
			children = (
				B75CEE3E241CD79D00477764 /* MyLottery.storyboard */,
				B7E70923241FB98500C1AE7D /* SettingCell.h */,
				B7E70924241FB98500C1AE7D /* SettingCell.m */,
				B7D0752F24209D4400A2F725 /* AboutHeaderView.xib */,
				B7D0753124209D7500A2F725 /* AboutHeaderView.h */,
				B7D0753224209D7500A2F725 /* AboutHeaderView.m */,
				B7D0753C2420AC7600A2F725 /* ProductCell.h */,
				B7D0753D2420AC7600A2F725 /* ProductCell.m */,
				B7D0753F2420AC8C00A2F725 /* ProductCell.xib */,
			);
			path = View;
			sourceTree = "<group>";
		};
		B75CEE32241CD2B700477764 /* Libs */ = {
			isa = PBXGroup;
			children = (
			);
			path = Libs;
			sourceTree = "<group>";
		};
		B7D075412420C0D300A2F725 /* Guide */ = {
			isa = PBXGroup;
			children = (
				B7D075422420C0D300A2F725 /* Controller */,
				B7D075432420C0D300A2F725 /* Model */,
				B7D075442420C0D300A2F725 /* Ohter */,
				B7D075452420C0D300A2F725 /* View */,
			);
			path = Guide;
			sourceTree = "<group>";
		};
		B7D075422420C0D300A2F725 /* Controller */ = {
			isa = PBXGroup;
			children = (
				B7D075462420C10B00A2F725 /* GuideController.h */,
				B7D075472420C10B00A2F725 /* GuideController.m */,
			);
			path = Controller;
			sourceTree = "<group>";
		};
		B7D075432420C0D300A2F725 /* Model */ = {
			isa = PBXGroup;
			children = (
			);
			path = Model;
			sourceTree = "<group>";
		};
		B7D075442420C0D300A2F725 /* Ohter */ = {
			isa = PBXGroup;
			children = (
			);
			path = Ohter;
			sourceTree = "<group>";
		};
		B7D075452420C0D300A2F725 /* View */ = {
			isa = PBXGroup;
			children = (
				B7D075492420C50F00A2F725 /* GuideCell.h */,
				B7D0754A2420C50F00A2F725 /* GuideCell.m */,
			);
			path = View;
			sourceTree = "<group>";
		};
		B7E70901241F7E3900C1AE7D /* SupportFile */ = {
			isa = PBXGroup;
			children = (
				B742E6B82421E8F400AD092F /* help.json */,
				B7E70913241F9B8300C1AE7D /* Settings.plist */,
				B7E70911241F9B8300C1AE7D /* SettingsAbout.plist */,
				B7E70912241F9B8300C1AE7D /* SettingsMorePush.plist */,
				B7E70915241F9B8400C1AE7D /* SettingsMorePush01.plist */,
				B7E70910241F9B8300C1AE7D /* SettingsMorePush02.plist */,
				B7E70916241F9B8400C1AE7D /* SettingsMorePush03.plist */,
				B7E70914241F9B8400C1AE7D /* SettingsMorePush04.plist */,
				B7D075342420A11200A2F725 /* more_project.json */,
				B742E705242246C000AD092F /* InfoPlist.strings */,
				B742E70D24224C9800AD092F /* Localizable.strings */,
			);
			name = SupportFile;
			sourceTree = "<group>";
		};
		B7E7091E241FAABA00C1AE7D /* settings */ = {
			isa = PBXGroup;
			children = (
				B7E7091F241FAB3400C1AE7D /* RedeemController.h */,
				B7E70920241FAB3400C1AE7D /* RedeemController.m */,
				B7D0752724206B8500A2F725 /* LiveScorePushController.h */,
				B7D0752824206B8500A2F725 /* LiveScorePushController.m */,
				B7D0752A24209C2F00A2F725 /* AboutController.h */,
				B7D0752B24209C2F00A2F725 /* AboutController.m */,
				B7D075392420A83F00A2F725 /* ProductController.h */,
				B7D0753A2420A83F00A2F725 /* ProductController.m */,
				B742E6F52421F1A700AD092F /* HelpWebController.h */,
				B742E6F62421F1A700AD092F /* HelpWebController.m */,
				B742E6FB2422044D00AD092F /* WebViewController.h */,
				B742E6FC2422044D00AD092F /* WebViewController.m */,
			);
			path = settings;
			sourceTree = "<group>";
		};
/* End PBXGroup section */

/* Begin PBXNativeTarget section */
		B72501FC241C9B16006D7316 /* project_bet */ = {
			isa = PBXNativeTarget;
			buildConfigurationList = B725022C241C9B18006D7316 /* Build configuration list for PBXNativeTarget "project_bet" */;
			buildPhases = (
				B72501F9241C9B16006D7316 /* Sources */,
				B72501FA241C9B16006D7316 /* Frameworks */,
				B72501FB241C9B16006D7316 /* Resources */,
			);
			buildRules = (
			);
			dependencies = (
			);
			name = project_bet;
			productName = project_bet;
			productReference = B72501FD241C9B16006D7316 /* project_bet.app */;
			productType = "com.apple.product-type.application";
		};
		B7250217241C9B18006D7316 /* project_betTests */ = {
			isa = PBXNativeTarget;
			buildConfigurationList = B725022F241C9B18006D7316 /* Build configuration list for PBXNativeTarget "project_betTests" */;
			buildPhases = (
				B7250214241C9B18006D7316 /* Sources */,
				B7250215241C9B18006D7316 /* Frameworks */,
				B7250216241C9B18006D7316 /* Resources */,
			);
			buildRules = (
			);
			dependencies = (
				B725021A241C9B18006D7316 /* PBXTargetDependency */,
			);
			name = project_betTests;
			productName = project_betTests;
			productReference = B7250218241C9B18006D7316 /* project_betTests.xctest */;
			productType = "com.apple.product-type.bundle.unit-test";
		};
		B7250222241C9B18006D7316 /* project_betUITests */ = {
			isa = PBXNativeTarget;
			buildConfigurationList = B7250232241C9B18006D7316 /* Build configuration list for PBXNativeTarget "project_betUITests" */;
			buildPhases = (
				B725021F241C9B18006D7316 /* Sources */,
				B7250220241C9B18006D7316 /* Frameworks */,
				B7250221241C9B18006D7316 /* Resources */,
			);
			buildRules = (
			);
			dependencies = (
				B7250225241C9B18006D7316 /* PBXTargetDependency */,
			);
			name = project_betUITests;
			productName = project_betUITests;
			productReference = B7250223241C9B18006D7316 /* project_betUITests.xctest */;
			productType = "com.apple.product-type.bundle.ui-testing";
		};
/* End PBXNativeTarget section */

/* Begin PBXProject section */
		B72501F5241C9B16006D7316 /* Project object */ = {
			isa = PBXProject;
			attributes = {
				LastUpgradeCheck = 1130;
				ORGANIZATIONNAME = Alexander;
				TargetAttributes = {
					B72501FC241C9B16006D7316 = {
						CreatedOnToolsVersion = 11.3.1;
					};
					B7250217241C9B18006D7316 = {
						CreatedOnToolsVersion = 11.3.1;
						TestTargetID = B72501FC241C9B16006D7316;
					};
					B7250222241C9B18006D7316 = {
						CreatedOnToolsVersion = 11.3.1;
						TestTargetID = B72501FC241C9B16006D7316;
					};
				};
			};
			buildConfigurationList = B72501F8241C9B16006D7316 /* Build configuration list for PBXProject "project_bet" */;
			compatibilityVersion = "Xcode 9.3";
			developmentRegion = en;
			hasScannedForEncodings = 0;
			knownRegions = (
				en,
				Base,
				"zh-Hans",
			);
			mainGroup = B72501F4241C9B16006D7316;
			productRefGroup = B72501FE241C9B16006D7316 /* Products */;
			projectDirPath = "";
			projectRoot = "";
			targets = (
				B72501FC241C9B16006D7316 /* project_bet */,
				B7250217241C9B18006D7316 /* project_betTests */,
				B7250222241C9B18006D7316 /* project_betUITests */,
			);
		};
/* End PBXProject section */

/* Begin PBXResourcesBuildPhase section */
		B72501FB241C9B16006D7316 /* Resources */ = {
			isa = PBXResourcesBuildPhase;
			buildActionMask = 2147483647;
			files = (
				B742E6E72421F0A000AD092F /* kl8_howto.html in Resources */,
				B742E703242246C000AD092F /* InfoPlist.strings in Resources */,
				B742E6DA2421F0A000AD092F /* credit_help.html in Resources */,
				B742E6EC2421F0A000AD092F /* qlc_howto.html in Resources */,
				B742E6E82421F0A000AD092F /* lk11_howto.html in Resources */,
				B742E6DC2421F0A000AD092F /* f9_howto.html in Resources */,
				B742E6E42421F0A000AD092F /* jxy11_howto.html in Resources */,
				B7E70919241F9B8400C1AE7D /* SettingsMorePush.plist in Resources */,
				B742E6EF2421F0A000AD092F /* sfc_howto.html in Resources */,
				B7D0753024209D4400A2F725 /* AboutHeaderView.xib in Resources */,
				B742E70B24224C9800AD092F /* Localizable.strings in Resources */,
				B742E6E12421F0A000AD092F /* jclq_howto.html in Resources */,
				B742E6F42421F0A000AD092F /* znzh.html in Resources */,
				B7D075352420A11200A2F725 /* more_project.json in Resources */,
				B742E6E62421F0A000AD092F /* k3_howto.html in Resources */,
				B742E6DF2421F0A000AD092F /* help.html in Resources */,
				B742E6DE2421F0A000AD092F /* group_record.html in Resources */,
				B7E70917241F9B8400C1AE7D /* SettingsMorePush02.plist in Resources */,
				B7E7091C241F9B8400C1AE7D /* SettingsMorePush01.plist in Resources */,
				B742E6F12421F0A000AD092F /* ssq_howto.html in Resources */,
				B742E6E32421F0A000AD092F /* jxssc_howto.html in Resources */,
				B75CEE3B241CD71300477764 /* Arena.storyboard in Resources */,
				B742E6D82421F0A000AD092F /* bjdc_howto.html in Resources */,
				B742E6F32421F0A000AD092F /* y11_howto.html in Resources */,
				B7E7091A241F9B8400C1AE7D /* Settings.plist in Resources */,
				B7250210241C9B18006D7316 /* LaunchScreen.storyboard in Resources */,
				B742E6EA2421F0A000AD092F /* pl3_howto.html in Resources */,
				B725020D241C9B18006D7316 /* Assets.xcassets in Resources */,
				B742E6E92421F0A000AD092F /* networkconnectedfailed.html in Resources */,
				B742E6EE2421F0A000AD092F /* rule.css in Resources */,
				B742E6EB2421F0A000AD092F /* pl5_howto.html in Resources */,
				B7D075402420AC8C00A2F725 /* ProductCell.xib in Resources */,
				B742E6B92421E8F400AD092F /* help.json in Resources */,
				B7E7091D241F9B8400C1AE7D /* SettingsMorePush03.plist in Resources */,
				B75CEE37241CD5DE00477764 /* Hall.storyboard in Resources */,
				B742E6E02421F0A000AD092F /* helpGroupBuy.html in Resources */,
				B75CEE3F241CD79D00477764 /* MyLottery.storyboard in Resources */,
				B742E6DD2421F0A000AD092F /* gdy11_howto.html in Resources */,
				B7E70918241F9B8400C1AE7D /* SettingsAbout.plist in Resources */,
				B75CEE39241CD6D900477764 /* Discovery.storyboard in Resources */,
				B7E7091B241F9B8400C1AE7D /* SettingsMorePush04.plist in Resources */,
				B742E6E22421F0A000AD092F /* jczq_howto.html in Resources */,
				B75CEE3D241CD76100477764 /* History.storyboard in Resources */,
				B742E6E52421F0A000AD092F /* k2_howto.html in Resources */,
				B742E6ED2421F0A000AD092F /* qxc_howto.html in Resources */,
				B742E6D92421F0A000AD092F /* coupon_help.html in Resources */,
				B742E6DB2421F0A000AD092F /* dlt_howto.html in Resources */,
				B742E6F22421F0A000AD092F /* x3d_howto.html in Resources */,
				B742E6F02421F0A000AD092F /* ssc_howto.html in Resources */,
			);
			runOnlyForDeploymentPostprocessing = 0;
		};
		B7250216241C9B18006D7316 /* Resources */ = {
			isa = PBXResourcesBuildPhase;
			buildActionMask = 2147483647;
			files = (
			);
			runOnlyForDeploymentPostprocessing = 0;
		};
		B7250221241C9B18006D7316 /* Resources */ = {
			isa = PBXResourcesBuildPhase;
			buildActionMask = 2147483647;
			files = (
			);
			runOnlyForDeploymentPostprocessing = 0;
		};
/* End PBXResourcesBuildPhase section */

/* Begin PBXSourcesBuildPhase section */
		B72501F9241C9B16006D7316 /* Sources */ = {
			isa = PBXSourcesBuildPhase;
			buildActionMask = 2147483647;
			files = (
				B742E6FA2421FB0C00AD092F /* Help.m in Sources */,
				B7E708FD241F55F900C1AE7D /* MyLotteryController.m in Sources */,
				B742E6F72421F1A700AD092F /* HelpWebController.m in Sources */,
				B7D075382420A2BC00A2F725 /* Product.m in Sources */,
				B75CEE45241CEAF800477764 /* Tabbar.m in Sources */,
				B75CEE33241CD2B700477764 /* AppDelegate.m in Sources */,
				B75CB66A241DF502008B47A9 /* HallController.m in Sources */,
				B75CEE42241CD9F000477764 /* TabBarController.m in Sources */,
				B75CB676241E2160008B47A9 /* GroupBtnController.m in Sources */,
				B7D0753E2420AC7600A2F725 /* ProductCell.m in Sources */,
				B7D0752924206B8500A2F725 /* LiveScorePushController.m in Sources */,
				B7D0753B2420A83F00A2F725 /* ProductController.m in Sources */,
				B7E70925241FB98500C1AE7D /* SettingCell.m in Sources */,
				B7E70900241F6E7300C1AE7D /* SettingController.m in Sources */,
				B7D0754B2420C50F00A2F725 /* GuideCell.m in Sources */,
				B7E70921241FAB3400C1AE7D /* RedeemController.m in Sources */,
				B75CB667241DF06C008B47A9 /* NavigationController.m in Sources */,
				B75CEE34241CD2B700477764 /* SceneDelegate.m in Sources */,
				B75CB670241E1C3A008B47A9 /* GroupBtn.m in Sources */,
				B7D075482420C10B00A2F725 /* GuideController.m in Sources */,
				B7D0752C24209C2F00A2F725 /* AboutController.m in Sources */,
				B7E708FA241F48C900C1AE7D /* LuckyController.m in Sources */,
				B742E6FD2422044D00AD092F /* WebViewController.m in Sources */,
				B7250213241C9B18006D7316 /* main.m in Sources */,
				B75CB673241E1E7A008B47A9 /* UIView+Frame.m in Sources */,
				B75CB66D241E004E008B47A9 /* ArenaController.m in Sources */,
				B7D0753324209D7500A2F725 /* AboutHeaderView.m in Sources */,
			);
			runOnlyForDeploymentPostprocessing = 0;
		};
		B7250214241C9B18006D7316 /* Sources */ = {
			isa = PBXSourcesBuildPhase;
			buildActionMask = 2147483647;
			files = (
				B725021D241C9B18006D7316 /* project_betTests.m in Sources */,
			);
			runOnlyForDeploymentPostprocessing = 0;
		};
		B725021F241C9B18006D7316 /* Sources */ = {
			isa = PBXSourcesBuildPhase;
			buildActionMask = 2147483647;
			files = (
				B7250228241C9B18006D7316 /* project_betUITests.m in Sources */,
			);
			runOnlyForDeploymentPostprocessing = 0;
		};
/* End PBXSourcesBuildPhase section */

/* Begin PBXTargetDependency section */
		B725021A241C9B18006D7316 /* PBXTargetDependency */ = {
			isa = PBXTargetDependency;
			target = B72501FC241C9B16006D7316 /* project_bet */;
			targetProxy = B7250219241C9B18006D7316 /* PBXContainerItemProxy */;
		};
		B7250225241C9B18006D7316 /* PBXTargetDependency */ = {
			isa = PBXTargetDependency;
			target = B72501FC241C9B16006D7316 /* project_bet */;
			targetProxy = B7250224241C9B18006D7316 /* PBXContainerItemProxy */;
		};
/* End PBXTargetDependency section */

/* Begin PBXVariantGroup section */
		B725020E241C9B18006D7316 /* LaunchScreen.storyboard */ = {
			isa = PBXVariantGroup;
			children = (
				B725020F241C9B18006D7316 /* Base */,
				B742E6FE242245C300AD092F /* zh-Hans */,
				B742E70824224A7700AD092F /* en */,
			);
			name = LaunchScreen.storyboard;
			sourceTree = "<group>";
		};
		B742E705242246C000AD092F /* InfoPlist.strings */ = {
			isa = PBXVariantGroup;
			children = (
				B742E704242246C000AD092F /* en */,
				B742E706242246C600AD092F /* zh-Hans */,
			);
			name = InfoPlist.strings;
			sourceTree = "<group>";
		};
		B742E70D24224C9800AD092F /* Localizable.strings */ = {
			isa = PBXVariantGroup;
			children = (
				B742E70C24224C9800AD092F /* en */,
				B742E70E24224C9B00AD092F /* zh-Hans */,
			);
			name = Localizable.strings;
			sourceTree = "<group>";
		};
/* End PBXVariantGroup section */

/* Begin XCBuildConfiguration section */
		B725022A241C9B18006D7316 /* Debug */ = {
			isa = XCBuildConfiguration;
			buildSettings = {
				ALWAYS_SEARCH_USER_PATHS = NO;
				CLANG_ANALYZER_LOCALIZABILITY_NONLOCALIZED = YES;
				CLANG_ANALYZER_NONNULL = YES;
				CLANG_ANALYZER_NUMBER_OBJECT_CONVERSION = YES_AGGRESSIVE;
				CLANG_CXX_LANGUAGE_STANDARD = "gnu++14";
				CLANG_CXX_LIBRARY = "libc++";
				CLANG_ENABLE_MODULES = YES;
				CLANG_ENABLE_OBJC_ARC = YES;
				CLANG_ENABLE_OBJC_WEAK = YES;
				CLANG_WARN_BLOCK_CAPTURE_AUTORELEASING = YES;
				CLANG_WARN_BOOL_CONVERSION = YES;
				CLANG_WARN_COMMA = YES;
				CLANG_WARN_CONSTANT_CONVERSION = YES;
				CLANG_WARN_DEPRECATED_OBJC_IMPLEMENTATIONS = YES;
				CLANG_WARN_DIRECT_OBJC_ISA_USAGE = YES_ERROR;
				CLANG_WARN_DOCUMENTATION_COMMENTS = YES;
				CLANG_WARN_EMPTY_BODY = YES;
				CLANG_WARN_ENUM_CONVERSION = YES;
				CLANG_WARN_INFINITE_RECURSION = YES;
				CLANG_WARN_INT_CONVERSION = YES;
				CLANG_WARN_NON_LITERAL_NULL_CONVERSION = YES;
				CLANG_WARN_OBJC_IMPLICIT_RETAIN_SELF = YES;
				CLANG_WARN_OBJC_LITERAL_CONVERSION = YES;
				CLANG_WARN_OBJC_ROOT_CLASS = YES_ERROR;
				CLANG_WARN_RANGE_LOOP_ANALYSIS = YES;
				CLANG_WARN_STRICT_PROTOTYPES = YES;
				CLANG_WARN_SUSPICIOUS_MOVE = YES;
				CLANG_WARN_UNGUARDED_AVAILABILITY = YES_AGGRESSIVE;
				CLANG_WARN_UNREACHABLE_CODE = YES;
				CLANG_WARN__DUPLICATE_METHOD_MATCH = YES;
				COPY_PHASE_STRIP = NO;
				DEBUG_INFORMATION_FORMAT = dwarf;
				ENABLE_STRICT_OBJC_MSGSEND = YES;
				ENABLE_TESTABILITY = YES;
				GCC_C_LANGUAGE_STANDARD = gnu11;
				GCC_DYNAMIC_NO_PIC = NO;
				GCC_NO_COMMON_BLOCKS = YES;
				GCC_OPTIMIZATION_LEVEL = 0;
				GCC_PREPROCESSOR_DEFINITIONS = (
					"DEBUG=1",
					"$(inherited)",
				);
				GCC_WARN_64_TO_32_BIT_CONVERSION = YES;
				GCC_WARN_ABOUT_RETURN_TYPE = YES_ERROR;
				GCC_WARN_UNDECLARED_SELECTOR = YES;
				GCC_WARN_UNINITIALIZED_AUTOS = YES_AGGRESSIVE;
				GCC_WARN_UNUSED_FUNCTION = YES;
				GCC_WARN_UNUSED_VARIABLE = YES;
				IPHONEOS_DEPLOYMENT_TARGET = 13.2;
				MTL_ENABLE_DEBUG_INFO = INCLUDE_SOURCE;
				MTL_FAST_MATH = YES;
				ONLY_ACTIVE_ARCH = YES;
				SDKROOT = iphoneos;
			};
			name = Debug;
		};
		B725022B241C9B18006D7316 /* Release */ = {
			isa = XCBuildConfiguration;
			buildSettings = {
				ALWAYS_SEARCH_USER_PATHS = NO;
				CLANG_ANALYZER_LOCALIZABILITY_NONLOCALIZED = YES;
				CLANG_ANALYZER_NONNULL = YES;
				CLANG_ANALYZER_NUMBER_OBJECT_CONVERSION = YES_AGGRESSIVE;
				CLANG_CXX_LANGUAGE_STANDARD = "gnu++14";
				CLANG_CXX_LIBRARY = "libc++";
				CLANG_ENABLE_MODULES = YES;
				CLANG_ENABLE_OBJC_ARC = YES;
				CLANG_ENABLE_OBJC_WEAK = YES;
				CLANG_WARN_BLOCK_CAPTURE_AUTORELEASING = YES;
				CLANG_WARN_BOOL_CONVERSION = YES;
				CLANG_WARN_COMMA = YES;
				CLANG_WARN_CONSTANT_CONVERSION = YES;
				CLANG_WARN_DEPRECATED_OBJC_IMPLEMENTATIONS = YES;
				CLANG_WARN_DIRECT_OBJC_ISA_USAGE = YES_ERROR;
				CLANG_WARN_DOCUMENTATION_COMMENTS = YES;
				CLANG_WARN_EMPTY_BODY = YES;
				CLANG_WARN_ENUM_CONVERSION = YES;
				CLANG_WARN_INFINITE_RECURSION = YES;
				CLANG_WARN_INT_CONVERSION = YES;
				CLANG_WARN_NON_LITERAL_NULL_CONVERSION = YES;
				CLANG_WARN_OBJC_IMPLICIT_RETAIN_SELF = YES;
				CLANG_WARN_OBJC_LITERAL_CONVERSION = YES;
				CLANG_WARN_OBJC_ROOT_CLASS = YES_ERROR;
				CLANG_WARN_RANGE_LOOP_ANALYSIS = YES;
				CLANG_WARN_STRICT_PROTOTYPES = YES;
				CLANG_WARN_SUSPICIOUS_MOVE = YES;
				CLANG_WARN_UNGUARDED_AVAILABILITY = YES_AGGRESSIVE;
				CLANG_WARN_UNREACHABLE_CODE = YES;
				CLANG_WARN__DUPLICATE_METHOD_MATCH = YES;
				COPY_PHASE_STRIP = NO;
				DEBUG_INFORMATION_FORMAT = "dwarf-with-dsym";
				ENABLE_NS_ASSERTIONS = NO;
				ENABLE_STRICT_OBJC_MSGSEND = YES;
				GCC_C_LANGUAGE_STANDARD = gnu11;
				GCC_NO_COMMON_BLOCKS = YES;
				GCC_WARN_64_TO_32_BIT_CONVERSION = YES;
				GCC_WARN_ABOUT_RETURN_TYPE = YES_ERROR;
				GCC_WARN_UNDECLARED_SELECTOR = YES;
				GCC_WARN_UNINITIALIZED_AUTOS = YES_AGGRESSIVE;
				GCC_WARN_UNUSED_FUNCTION = YES;
				GCC_WARN_UNUSED_VARIABLE = YES;
				IPHONEOS_DEPLOYMENT_TARGET = 13.2;
				MTL_ENABLE_DEBUG_INFO = NO;
				MTL_FAST_MATH = YES;
				SDKROOT = iphoneos;
				VALIDATE_PRODUCT = YES;
			};
			name = Release;
		};
		B725022D241C9B18006D7316 /* Debug */ = {
			isa = XCBuildConfiguration;
			buildSettings = {
				ASSETCATALOG_COMPILER_APPICON_NAME = AppIcon;
				CODE_SIGN_STYLE = Automatic;
				GCC_PREFIX_HEADER = ./project_bet/Other/PrefixHeader.pch;
				INFOPLIST_FILE = project_bet/Info.plist;
				LD_RUNPATH_SEARCH_PATHS = (
					"$(inherited)",
					"@executable_path/Frameworks",
				);
				PRODUCT_BUNDLE_IDENTIFIER = "Jamsdfn.ios.project-bet";
				PRODUCT_NAME = "$(TARGET_NAME)";
				TARGETED_DEVICE_FAMILY = "1,2";
			};
			name = Debug;
		};
		B725022E241C9B18006D7316 /* Release */ = {
			isa = XCBuildConfiguration;
			buildSettings = {
				ASSETCATALOG_COMPILER_APPICON_NAME = AppIcon;
				CODE_SIGN_STYLE = Automatic;
				GCC_PREFIX_HEADER = ./project_bet/Other/PrefixHeader.pch;
				INFOPLIST_FILE = project_bet/Info.plist;
				LD_RUNPATH_SEARCH_PATHS = (
					"$(inherited)",
					"@executable_path/Frameworks",
				);
				PRODUCT_BUNDLE_IDENTIFIER = "Jamsdfn.ios.project-bet";
				PRODUCT_NAME = "$(TARGET_NAME)";
				TARGETED_DEVICE_FAMILY = "1,2";
			};
			name = Release;
		};
		B7250230241C9B18006D7316 /* Debug */ = {
			isa = XCBuildConfiguration;
			buildSettings = {
				BUNDLE_LOADER = "$(TEST_HOST)";
				CODE_SIGN_STYLE = Automatic;
				INFOPLIST_FILE = project_betTests/Info.plist;
				IPHONEOS_DEPLOYMENT_TARGET = 13.2;
				LD_RUNPATH_SEARCH_PATHS = (
					"$(inherited)",
					"@executable_path/Frameworks",
					"@loader_path/Frameworks",
				);
				PRODUCT_BUNDLE_IDENTIFIER = "Jamsdfn.ios.project-betTests";
				PRODUCT_NAME = "$(TARGET_NAME)";
				TARGETED_DEVICE_FAMILY = "1,2";
				TEST_HOST = "$(BUILT_PRODUCTS_DIR)/project_bet.app/project_bet";
			};
			name = Debug;
		};
		B7250231241C9B18006D7316 /* Release */ = {
			isa = XCBuildConfiguration;
			buildSettings = {
				BUNDLE_LOADER = "$(TEST_HOST)";
				CODE_SIGN_STYLE = Automatic;
				INFOPLIST_FILE = project_betTests/Info.plist;
				IPHONEOS_DEPLOYMENT_TARGET = 13.2;
				LD_RUNPATH_SEARCH_PATHS = (
					"$(inherited)",
					"@executable_path/Frameworks",
					"@loader_path/Frameworks",
				);
				PRODUCT_BUNDLE_IDENTIFIER = "Jamsdfn.ios.project-betTests";
				PRODUCT_NAME = "$(TARGET_NAME)";
				TARGETED_DEVICE_FAMILY = "1,2";
				TEST_HOST = "$(BUILT_PRODUCTS_DIR)/project_bet.app/project_bet";
			};
			name = Release;
		};
		B7250233241C9B18006D7316 /* Debug */ = {
			isa = XCBuildConfiguration;
			buildSettings = {
				CODE_SIGN_STYLE = Automatic;
				INFOPLIST_FILE = project_betUITests/Info.plist;
				LD_RUNPATH_SEARCH_PATHS = (
					"$(inherited)",
					"@executable_path/Frameworks",
					"@loader_path/Frameworks",
				);
				PRODUCT_BUNDLE_IDENTIFIER = "Jamsdfn.ios.project-betUITests";
				PRODUCT_NAME = "$(TARGET_NAME)";
				TARGETED_DEVICE_FAMILY = "1,2";
				TEST_TARGET_NAME = project_bet;
			};
			name = Debug;
		};
		B7250234241C9B18006D7316 /* Release */ = {
			isa = XCBuildConfiguration;
			buildSettings = {
				CODE_SIGN_STYLE = Automatic;
				INFOPLIST_FILE = project_betUITests/Info.plist;
				LD_RUNPATH_SEARCH_PATHS = (
					"$(inherited)",
					"@executable_path/Frameworks",
					"@loader_path/Frameworks",
				);
				PRODUCT_BUNDLE_IDENTIFIER = "Jamsdfn.ios.project-betUITests";
				PRODUCT_NAME = "$(TARGET_NAME)";
				TARGETED_DEVICE_FAMILY = "1,2";
				TEST_TARGET_NAME = project_bet;
			};
			name = Release;
		};
/* End XCBuildConfiguration section */

/* Begin XCConfigurationList section */
		B72501F8241C9B16006D7316 /* Build configuration list for PBXProject "project_bet" */ = {
			isa = XCConfigurationList;
			buildConfigurations = (
				B725022A241C9B18006D7316 /* Debug */,
				B725022B241C9B18006D7316 /* Release */,
			);
			defaultConfigurationIsVisible = 0;
			defaultConfigurationName = Release;
		};
		B725022C241C9B18006D7316 /* Build configuration list for PBXNativeTarget "project_bet" */ = {
			isa = XCConfigurationList;
			buildConfigurations = (
				B725022D241C9B18006D7316 /* Debug */,
				B725022E241C9B18006D7316 /* Release */,
			);
			defaultConfigurationIsVisible = 0;
			defaultConfigurationName = Release;
		};
		B725022F241C9B18006D7316 /* Build configuration list for PBXNativeTarget "project_betTests" */ = {
			isa = XCConfigurationList;
			buildConfigurations = (
				B7250230241C9B18006D7316 /* Debug */,
				B7250231241C9B18006D7316 /* Release */,
			);
			defaultConfigurationIsVisible = 0;
			defaultConfigurationName = Release;
		};
		B7250232241C9B18006D7316 /* Build configuration list for PBXNativeTarget "project_betUITests" */ = {
			isa = XCConfigurationList;
			buildConfigurations = (
				B7250233241C9B18006D7316 /* Debug */,
				B7250234241C9B18006D7316 /* Release */,
			);
			defaultConfigurationIsVisible = 0;
			defaultConfigurationName = Release;
		};
/* End XCConfigurationList section */
	};
	rootObject = B72501F5241C9B16006D7316 /* Project object */;
}
